{
  "originHash" : "ce37f6195dbcdff5dc93f47ace8aaad3106bdae7c192ba5294846192c0901e48",
  "pins" : [
    {
      "identity" : "agentic",
      "kind" : "remoteSourceControl",
      "location" : "https://github.com/leviouwendijk/Agentic.git",
      "state" : {
        "branch" : "master",
        "revision" : "3e0fca006137bdf31b6cc85ccc1cf8ee490c2793"
      }
    },
    {
      "identity" : "agenticexecution",
      "kind" : "remoteSourceControl",
      "location" : "https://github.com/leviouwendijk/AgenticExecution.git",
      "state" : {
        "branch" : "master",
        "revision" : "98be3ab33a05b499b5c19dd7852120f4d725c1f7"
      }
    },
    {
      "identity" : "agenticio",
      "kind" : "remoteSourceControl",
      "location" : "https://github.com/leviouwendijk/AgenticIO.git",
      "state" : {
        "branch" : "master",
        "revision" : "6195ad8e9493963630776b40bea06054dcf66458"
      }
    },
    {
      "identity" : "agenticworkspace",
      "kind" : "remoteSourceControl",
      "location" : "https://github.com/leviouwendijk/AgenticWorkspace.git",
      "state" : {
        "branch" : "master",
        "revision" : "49fa47b13403ae7e9eb1653ac5e730f17c2ca1b3"
      }
    },
    {
      "identity" : "ansi",
      "kind" : "remoteSourceControl",
      "location" : "https://github.com/leviouwendijk/ANSI.git",
      "state" : {
        "branch" : "master",
        "revision" : "073d9ca7870b688a312608acf14eae6ba052c0d6"
      }
    },
    {
      "identity" : "arguments",
      "kind" : "remoteSourceControl",
      "location" : "https://github.com/leviouwendijk/Arguments.git",
      "state" : {
        "branch" : "master",
        "revision" : "d4ea1ad418c54380fde04cefacf5d59fa90054ba"
      }
    },
    {
      "identity" : "difference",
      "kind" : "remoteSourceControl",
      "location" : "https://github.com/leviouwendijk/Difference.git",
      "state" : {
        "branch" : "master",
        "revision" : "3fa70acbc0b96bbaf5a5021e362b48e399ca6c1e"
      }
    },
    {
      "identity" : "filetypes",
      "kind" : "remoteSourceControl",
      "location" : "https://github.com/leviouwendijk/FileTypes.git",
      "state" : {
        "branch" : "master",
        "revision" : "f0c1d8bf5beda0de51c9e95b687fbdec9e4ce7b0"
      }
    },
    {
      "identity" : "guidelines",
      "kind" : "remoteSourceControl",
      "location" : "https://github.com/leviouwendijk/Guidelines.git",
      "state" : {
        "branch" : "master",
        "revision" : "a39e1130e31588a1f21dc24aeeb8fb0a1357c7f1"
      }
    },
    {
      "identity" : "h",
      "kind" : "remoteSourceControl",
      "location" : "https://github.com/rarestype/h",
      "state" : {
        "revision" : "aa3626829160917d4378330617971977cbd78f5b",
        "version" : "1.0.1"
      }
    },
    {
      "identity" : "images",
      "kind" : "remoteSourceControl",
      "location" : "https://github.com/leviouwendijk/Images.git",
      "state" : {
        "branch" : "master",
        "revision" : "37e26be3fffc71e74621b3ae3bc75fcd3169c0c3"
      }
    },
    {
      "identity" : "io",
      "kind" : "remoteSourceControl",
      "location" : "https://github.com/leviouwendijk/IO.git",
      "state" : {
        "branch" : "master",
        "revision" : "cb8775249cb785f25ddee26caeae6c2db07eaa2e"
      }
    },
    {
      "identity" : "libwebp-xcode",
      "kind" : "remoteSourceControl",
      "location" : "https://github.com/SDWebImage/libwebp-Xcode.git",
      "state" : {
        "revision" : "2b5256c29ff4e20f2a0d5ee863b62b1a22144434",
        "version" : "1.6.0"
      }
    },
    {
      "identity" : "media",
      "kind" : "remoteSourceControl",
      "location" : "https://github.com/leviouwendijk/Media.git",
      "state" : {
        "branch" : "master",
        "revision" : "06bf0fad84dda65a801315ca5598a720cca35cdc"
      }
    },
    {
      "identity" : "methods",
      "kind" : "remoteSourceControl",
      "location" : "https://github.com/leviouwendijk/Methods.git",
      "state" : {
        "branch" : "master",
        "revision" : "62656c2e32b7889df68415464b67b440f7e7e464"
      }
    },
    {
      "identity" : "parsing",
      "kind" : "remoteSourceControl",
      "location" : "https://github.com/leviouwendijk/Parsing.git",
      "state" : {
        "branch" : "master",
        "revision" : "b415cec83b0499158df5d0faeb760a2d4943d236"
      }
    },
    {
      "identity" : "path",
      "kind" : "remoteSourceControl",
      "location" : "https://github.com/leviouwendijk/Path.git",
      "state" : {
        "branch" : "master",
        "revision" : "95fefcdcb3b27fac6163cc998911fcc8a223ccf1"
      }
    },
    {
      "identity" : "position",
      "kind" : "remoteSourceControl",
      "location" : "https://github.com/leviouwendijk/Position.git",
      "state" : {
        "branch" : "master",
        "revision" : "c80214283130c1bd4fc1c54dd5f3c574e3e4986c"
      }
    },
    {
      "identity" : "primitives",
      "kind" : "remoteSourceControl",
      "location" : "https://github.com/leviouwendijk/Primitives.git",
      "state" : {
        "branch" : "master",
        "revision" : "685ba8ee4bc678c957502e7dde25c59d0c192d4a"
      }
    },
    {
      "identity" : "processes",
      "kind" : "remoteSourceControl",
      "location" : "https://github.com/leviouwendijk/Processes.git",
      "state" : {
        "branch" : "master",
        "revision" : "b505bf0b5f756ebb301346651e86df9346944cbd"
      }
    },
    {
      "identity" : "protocolcomponents",
      "kind" : "remoteSourceControl",
      "location" : "https://github.com/leviouwendijk/ProtocolComponents.git",
      "state" : {
        "branch" : "master",
        "revision" : "866ef7b22350aac41f455c5b2188f95f411a4507"
      }
    },
    {
      "identity" : "readers",
      "kind" : "remoteSourceControl",
      "location" : "https://github.com/leviouwendijk/Readers.git",
      "state" : {
        "branch" : "master",
        "revision" : "c47991874555ffd0b01ec504d3ba98afde0c1677"
      }
    },
    {
      "identity" : "schema",
      "kind" : "remoteSourceControl",
      "location" : "https://github.com/leviouwendijk/Schema.git",
      "state" : {
        "branch" : "master",
        "revision" : "c8c2c3871056cc3bd151ec70081d68baee9eba5a"
      }
    },
    {
      "identity" : "selection",
      "kind" : "remoteSourceControl",
      "location" : "https://github.com/leviouwendijk/Selection.git",
      "state" : {
        "branch" : "master",
        "revision" : "3b30f85d1644cbe81f6eb11e4997cdfd122ba668"
      }
    },
    {
      "identity" : "strings",
      "kind" : "remoteSourceControl",
      "location" : "https://github.com/leviouwendijk/Strings",
      "state" : {
        "branch" : "master",
        "revision" : "86a939d7bbb3e25808f88fbcedcee4069a5a5ae1"
      }
    },
    {
      "identity" : "swift-png",
      "kind" : "remoteSourceControl",
      "location" : "https://github.com/tayloraswift/swift-png.git",
      "state" : {
        "revision" : "8a0bcd4df5e4b307c804937776a56dd6ecdf6396",
        "version" : "4.5.1"
      }
    },
    {
      "identity" : "swift-subprocess",
      "kind" : "remoteSourceControl",
      "location" : "https://github.com/swiftlang/swift-subprocess.git",
      "state" : {
        "revision" : "b3937ab85dd32f6e9435914599c1519074769c1a",
        "version" : "1.0.0"
      }
    },
    {
      "identity" : "swift-syntax",
      "kind" : "remoteSourceControl",
      "location" : "https://github.com/swiftlang/swift-syntax.git",
      "state" : {
        "revision" : "79e4b74a295b6eb74a8b585e3a39d29e70c1dbd1",
        "version" : "603.0.2"
      }
    },
    {
      "identity" : "swift-system",
      "kind" : "remoteSourceControl",
      "location" : "https://github.com/apple/swift-system.git",
      "state" : {
        "revision" : "869129b7bf4ecc57b97d0193ad29690ca2134750",
        "version" : "1.8.1"
      }
    },
    {
      "identity" : "swift-webp",
      "kind" : "remoteSourceControl",
      "location" : "https://github.com/ainame/Swift-WebP.git",
      "state" : {
        "revision" : "4e7310667297f066e4884b6258a3a646cac8a50b",
        "version" : "0.6.1"
      }
    },
    {
      "identity" : "terminal",
      "kind" : "remoteSourceControl",
      "location" : "https://github.com/leviouwendijk/Terminal.git",
      "state" : {
        "branch" : "master",
        "revision" : "d11451d89d1617ce912e33723d6194acad384838"
      }
    },
    {
      "identity" : "testflows",
      "kind" : "remoteSourceControl",
      "location" : "https://github.com/leviouwendijk/TestFlows.git",
      "state" : {
        "branch" : "master",
        "revision" : "ef72deb44f924372959189d0c258c5cf7e2ba8ae"
      }
    },
    {
      "identity" : "timecode",
      "kind" : "remoteSourceControl",
      "location" : "https://github.com/leviouwendijk/Timecode.git",
      "state" : {
        "branch" : "master",
        "revision" : "42d8cd6bc2a04ef5e22e8b0bc49645e89f53b893"
      }
    },
    {
      "identity" : "writers",
      "kind" : "remoteSourceControl",
      "location" : "https://github.com/leviouwendijk/Writers.git",
      "state" : {
        "branch" : "master",
        "revision" : "c7ff138fa30f6daf3570a03540ab55bfae5767a3"
      }
    }
  ],
  "version" : 3
}
